
Microsoft Visual Studio Solution File, Format Version 12.00
# Visual Studio 15
VisualStudioVersion = 15.0.26124.0
MinimumVisualStudioVersion = 15.0.26124.0
Project("{FAE04EC0-301F-11D3-BF4B-00C04F79EFBC}") = "QuickBuy.Dominio", "QuickBuy.Dominio\QuickBuy.Dominio.csproj", "{FBBA66B5-E299-4B5D-B9A5-8705C701C6F8}"
EndProject
Project("{FAE04EC0-301F-11D3-BF4B-00C04F79EFBC}") = "QuickBuy.Repositorio", "QuickBuy.Repositorio\QuickBuy.Repositorio.csproj", "{F82F3F28-5DE7-463A-A6A8-0CF92B6852C5}"
EndProject
Project("{FAE04EC0-301F-11D3-BF4B-00C04F79EFBC}") = "QuickBuy.Web", "QuickBuy.Web\QuickBuy.Web.csproj", "{93007BAF-2DA4-4405-9642-AB81B9EEC948}"
EndProject
Global
	GlobalSection(SolutionConfigurationPlatforms) = preSolution
		Debug|Any CPU = Debug|Any CPU
		Debug|x64 = Debug|x64
		Debug|x86 = Debug|x86
		Release|Any CPU = Release|Any CPU
		Release|x64 = Release|x64
		Release|x86 = Release|x86
	EndGlobalSection
	GlobalSection(SolutionProperties) = preSolution
		HideSolutionNode = FALSE
	EndGlobalSection
	GlobalSection(ProjectConfigurationPlatforms) = postSolution
		{FBBA66B5-E299-4B5D-B9A5-8705C701C6F8}.Debug|Any CPU.ActiveCfg = Debug|Any CPU
		{FBBA66B5-E299-4B5D-B9A5-8705C701C6F8}.Debug|Any CPU.Build.0 = Debug|Any CPU
		{FBBA66B5-E299-4B5D-B9A5-8705C701C6F8}.Debug|x64.ActiveCfg = Debug|Any CPU
		{FBBA66B5-E299-4B5D-B9A5-8705C701C6F8}.Debug|x64.Build.0 = Debug|Any CPU
		{FBBA66B5-E299-4B5D-B9A5-8705C701C6F8}.Debug|x86.ActiveCfg = Debug|Any CPU
		{FBBA66B5-E299-4B5D-B9A5-8705C701C6F8}.Debug|x86.Build.0 = Debug|Any CPU
		{FBBA66B5-E299-4B5D-B9A5-8705C701C6F8}.Release|Any CPU.ActiveCfg = Release|Any CPU
		{FBBA66B5-E299-4B5D-B9A5-8705C701C6F8}.Release|Any CPU.Build.0 = Release|Any CPU
		{FBBA66B5-E299-4B5D-B9A5-8705C701C6F8}.Release|x64.ActiveCfg = Release|Any CPU
		{FBBA66B5-E299-4B5D-B9A5-8705C701C6F8}.Release|x64.Build.0 = Release|Any CPU
		{FBBA66B5-E299-4B5D-B9A5-8705C701C6F8}.Release|x86.ActiveCfg = Release|Any CPU
		{FBBA66B5-E299-4B5D-B9A5-8705C701C6F8}.Release|x86.Build.0 = Release|Any CPU
		{F82F3F28-5DE7-463A-A6A8-0CF92B6852C5}.Debug|Any CPU.ActiveCfg = Debug|Any CPU
		{F82F3F28-5DE7-463A-A6A8-0CF92B6852C5}.Debug|Any CPU.Build.0 = Debug|Any CPU
		{F82F3F28-5DE7-463A-A6A8-0CF92B6852C5}.Debug|x64.ActiveCfg = Debug|Any CPU
		{F82F3F28-5DE7-463A-A6A8-0CF92B6852C5}.Debug|x64.Build.0 = Debug|Any CPU
		{F82F3F28-5DE7-463A-A6A8-0CF92B6852C5}.Debug|x86.ActiveCfg = Debug|Any CPU
		{F82F3F28-5DE7-463A-A6A8-0CF92B6852C5}.Debug|x86.Build.0 = Debug|Any CPU
		{F82F3F28-5DE7-463A-A6A8-0CF92B6852C5}.Release|Any CPU.ActiveCfg = Release|Any CPU
		{F82F3F28-5DE7-463A-A6A8-0CF92B6852C5}.Release|Any CPU.Build.0 = Release|Any CPU
		{F82F3F28-5DE7-463A-A6A8-0CF92B6852C5}.Release|x64.ActiveCfg = Release|Any CPU
		{F82F3F28-5DE7-463A-A6A8-0CF92B6852C5}.Release|x64.Build.0 = Release|Any CPU
		{F82F3F28-5DE7-463A-A6A8-0CF92B6852C5}.Release|x86.ActiveCfg = Release|Any CPU
		{F82F3F28-5DE7-463A-A6A8-0CF92B6852C5}.Release|x86.Build.0 = Release|Any CPU
		{93007BAF-2DA4-4405-9642-AB81B9EEC948}.Debug|Any CPU.ActiveCfg = Debug|Any CPU
		{93007BAF-2DA4-4405-9642-AB81B9EEC948}.Debug|Any CPU.Build.0 = Debug|Any CPU
		{93007BAF-2DA4-4405-9642-AB81B9EEC948}.Debug|x64.ActiveCfg = Debug|Any CPU
		{93007BAF-2DA4-4405-9642-AB81B9EEC948}.Debug|x64.Build.0 = Debug|Any CPU
		{93007BAF-2DA4-4405-9642-AB81B9EEC948}.Debug|x86.ActiveCfg = Debug|Any CPU
		{93007BAF-2DA4-4405-9642-AB81B9EEC948}.Debug|x86.Build.0 = Debug|Any CPU
		{93007BAF-2DA4-4405-9642-AB81B9EEC948}.Release|Any CPU.ActiveCfg = Release|Any CPU
		{93007BAF-2DA4-4405-9642-AB81B9EEC948}.Release|Any CPU.Build.0 = Release|Any CPU
		{93007BAF-2DA4-4405-9642-AB81B9EEC948}.Release|x64.ActiveCfg = Release|Any CPU
		{93007BAF-2DA4-4405-9642-AB81B9EEC948}.Release|x64.Build.0 = Release|Any CPU
		{93007BAF-2DA4-4405-9642-AB81B9EEC948}.Release|x86.ActiveCfg = Release|Any CPU
		{93007BAF-2DA4-4405-9642-AB81B9EEC948}.Release|x86.Build.0 = Release|Any CPU
	EndGlobalSection
EndGlobal
